
Microsoft Visual Studio Solution File, Format Version 12.00
# Visual Studio Version 17
VisualStudioVersion = 17.8.34525.116
MinimumVisualStudioVersion = 10.0.40219.1
Project("{9A19103F-16F7-4668-BE54-9A1E7A4F7556}") = "H.Test.Demo", "..\Source\Test\WPF-SSSS\H.Test.Demo\H.Test.Demo.csproj", "{298B3A89-740F-474B-A913-F8084857BB21}"
EndProject
Project("{9A19103F-16F7-4668-BE54-9A1E7A4F7556}") = "H.Test.Demo1", "..\Source\Test\H.Test.Demo1\H.Test.Demo1.csproj", "{7330CCBD-164D-4D9A-8D0F-45AB966F6CEC}"
EndProject
Project("{9A19103F-16F7-4668-BE54-9A1E7A4F7556}") = "WpfCustomControlLibrary1", "WpfCustomControlLibrary1\WpfCustomControlLibrary1.csproj", "{1E1EF32E-4C1B-4A55-B104-3DEB9077A774}"
EndProject
Project("{9A19103F-16F7-4668-BE54-9A1E7A4F7556}") = "H.Test.Demo2", "..\Source\Test\H.Test.Demo2\H.Test.Demo2.csproj", "{D01290D6-AB5D-45CC-866A-744DA368F260}"
EndProject
Project("{9A19103F-16F7-4668-BE54-9A1E7A4F7556}") = "H.Test.Ribbon", "..\Source\Test\H.Test.Ribbon\H.Test.Ribbon.csproj", "{D7C19882-71F9-4515-9B34-21F9F5844D24}"
EndProject
Project("{FAE04EC0-301F-11D3-BF4B-00C04F79EFBC}") = "H.Test.Demo3", "H.Test.Demo3\H.Test.Demo3.csproj", "{8C0CBCAA-FBEF-45AA-B901-D1AC1DFAF975}"
EndProject
Global
	GlobalSection(SolutionConfigurationPlatforms) = preSolution
		Debug|Any CPU = Debug|Any CPU
		Release|Any CPU = Release|Any CPU
	EndGlobalSection
	GlobalSection(ProjectConfigurationPlatforms) = postSolution
		{298B3A89-740F-474B-A913-F8084857BB21}.Debug|Any CPU.ActiveCfg = Debug|Any CPU
		{298B3A89-740F-474B-A913-F8084857BB21}.Debug|Any CPU.Build.0 = Debug|Any CPU
		{298B3A89-740F-474B-A913-F8084857BB21}.Release|Any CPU.ActiveCfg = Release|Any CPU
		{298B3A89-740F-474B-A913-F8084857BB21}.Release|Any CPU.Build.0 = Release|Any CPU
		{7330CCBD-164D-4D9A-8D0F-45AB966F6CEC}.Debug|Any CPU.ActiveCfg = Debug|Any CPU
		{7330CCBD-164D-4D9A-8D0F-45AB966F6CEC}.Debug|Any CPU.Build.0 = Debug|Any CPU
		{7330CCBD-164D-4D9A-8D0F-45AB966F6CEC}.Release|Any CPU.ActiveCfg = Release|Any CPU
		{7330CCBD-164D-4D9A-8D0F-45AB966F6CEC}.Release|Any CPU.Build.0 = Release|Any CPU
		{1E1EF32E-4C1B-4A55-B104-3DEB9077A774}.Debug|Any CPU.ActiveCfg = Debug|Any CPU
		{1E1EF32E-4C1B-4A55-B104-3DEB9077A774}.Debug|Any CPU.Build.0 = Debug|Any CPU
		{1E1EF32E-4C1B-4A55-B104-3DEB9077A774}.Release|Any CPU.ActiveCfg = Release|Any CPU
		{1E1EF32E-4C1B-4A55-B104-3DEB9077A774}.Release|Any CPU.Build.0 = Release|Any CPU
		{D01290D6-AB5D-45CC-866A-744DA368F260}.Debug|Any CPU.ActiveCfg = Debug|Any CPU
		{D01290D6-AB5D-45CC-866A-744DA368F260}.Debug|Any CPU.Build.0 = Debug|Any CPU
		{D01290D6-AB5D-45CC-866A-744DA368F260}.Release|Any CPU.ActiveCfg = Release|Any CPU
		{D01290D6-AB5D-45CC-866A-744DA368F260}.Release|Any CPU.Build.0 = Release|Any CPU
		{D7C19882-71F9-4515-9B34-21F9F5844D24}.Debug|Any CPU.ActiveCfg = Debug|Any CPU
		{D7C19882-71F9-4515-9B34-21F9F5844D24}.Debug|Any CPU.Build.0 = Debug|Any CPU
		{D7C19882-71F9-4515-9B34-21F9F5844D24}.Release|Any CPU.ActiveCfg = Release|Any CPU
		{D7C19882-71F9-4515-9B34-21F9F5844D24}.Release|Any CPU.Build.0 = Release|Any CPU
		{8C0CBCAA-FBEF-45AA-B901-D1AC1DFAF975}.Debug|Any CPU.ActiveCfg = Debug|Any CPU
		{8C0CBCAA-FBEF-45AA-B901-D1AC1DFAF975}.Debug|Any CPU.Build.0 = Debug|Any CPU
		{8C0CBCAA-FBEF-45AA-B901-D1AC1DFAF975}.Release|Any CPU.ActiveCfg = Release|Any CPU
		{8C0CBCAA-FBEF-45AA-B901-D1AC1DFAF975}.Release|Any CPU.Build.0 = Release|Any CPU
	EndGlobalSection
	GlobalSection(SolutionProperties) = preSolution
		HideSolutionNode = FALSE
	EndGlobalSection
	GlobalSection(ExtensibilityGlobals) = postSolution
		SolutionGuid = {FE9663EE-1A57-44C6-A5E5-952FEE8D38E1}
	EndGlobalSection
EndGlobal
